// !$*UTF8*$!
{
	archiveVersion = 1;
	classes = {
	};
	objectVersion = 46;
	objects = {

/* Begin PBXBuildFile section */
		219489041DED59BC009FE82E /* RCTQQSDK.m in Sources */ = {isa = PBXBuildFile; fileRef = 219489031DED59BC009FE82E /* RCTQQSDK.m */; };
		219489051DED59BC009FE82E /* RCTQQSDK.h in CopyFiles */ = {isa = PBXBuildFile; fileRef = 219489021DED59BC009FE82E /* RCTQQSDK.h */; };
		2194890D1DED5A33009FE82E /* TencentOpenAPI.framework in Frameworks */ = {isa = PBXBuildFile; fileRef = 2194890B1DED5A33009FE82E /* TencentOpenAPI.framework */; };
		2194890F1DED5A5B009FE82E /* TencentOpenApi_IOS_Bundle.bundle in Resources */ = {isa = PBXBuildFile; fileRef = 2194890C1DED5A33009FE82E /* TencentOpenApi_IOS_Bundle.bundle */; };
		21B8027D1DF52E1900480898 /* RCTConvert+QQShareScene.m in Sources */ = {isa = PBXBuildFile; fileRef = 21B8027C1DF52E1900480898 /* RCTConvert+QQShareScene.m */; };
/* End PBXBuildFile section */

/* Begin PBXCopyFilesBuildPhase section */
		219488FD1DED59BC009FE82E /* CopyFiles */ = {
			isa = PBXCopyFilesBuildPhase;
			buildActionMask = 2147483647;
			dstPath = "include/$(PRODUCT_NAME)";
			dstSubfolderSpec = 16;
			files = (
				219489051DED59BC009FE82E /* RCTQQSDK.h in CopyFiles */,
			);
			runOnlyForDeploymentPostprocessing = 0;
		};
/* End PBXCopyFilesBuildPhase section */

/* Begin PBXFileReference section */
		219488FF1DED59BC009FE82E /* libRCTQQSDK.a */ = {isa = PBXFileReference; explicitFileType = archive.ar; includeInIndex = 0; path = libRCTQQSDK.a; sourceTree = BUILT_PRODUCTS_DIR; };
		219489021DED59BC009FE82E /* RCTQQSDK.h */ = {isa = PBXFileReference; lastKnownFileType = sourcecode.c.h; path = RCTQQSDK.h; sourceTree = "<group>"; };
		219489031DED59BC009FE82E /* RCTQQSDK.m */ = {isa = PBXFileReference; lastKnownFileType = sourcecode.c.objc; path = RCTQQSDK.m; sourceTree = "<group>"; };
		2194890B1DED5A33009FE82E /* TencentOpenAPI.framework */ = {isa = PBXFileReference; lastKnownFileType = wrapper.framework; path = TencentOpenAPI.framework; sourceTree = "<group>"; };
		2194890C1DED5A33009FE82E /* TencentOpenApi_IOS_Bundle.bundle */ = {isa = PBXFileReference; lastKnownFileType = "wrapper.plug-in"; path = TencentOpenApi_IOS_Bundle.bundle; sourceTree = "<group>"; };
		21B8027B1DF52E1900480898 /* RCTConvert+QQShareScene.h */ = {isa = PBXFileReference; fileEncoding = 4; lastKnownFileType = sourcecode.c.h; path = "RCTConvert+QQShareScene.h"; sourceTree = "<group>"; };
		21B8027C1DF52E1900480898 /* RCTConvert+QQShareScene.m */ = {isa = PBXFileReference; fileEncoding = 4; lastKnownFileType = sourcecode.c.objc; path = "RCTConvert+QQShareScene.m"; sourceTree = "<group>"; };
/* End PBXFileReference section */

/* Begin PBXFrameworksBuildPhase section */
		219488FC1DED59BC009FE82E /* Frameworks */ = {
			isa = PBXFrameworksBuildPhase;
			buildActionMask = 2147483647;
			files = (
				2194890D1DED5A33009FE82E /* TencentOpenAPI.framework in Frameworks */,
			);
			runOnlyForDeploymentPostprocessing = 0;
		};
/* End PBXFrameworksBuildPhase section */

/* Begin PBXGroup section */
		219488F61DED59BC009FE82E = {
			isa = PBXGroup;
			children = (
				219489011DED59BC009FE82E /* RCTQQSDK */,
				219489001DED59BC009FE82E /* Products */,
			);
			sourceTree = "<group>";
		};
		219489001DED59BC009FE82E /* Products */ = {
			isa = PBXGroup;
			children = (
				219488FF1DED59BC009FE82E /* libRCTQQSDK.a */,
			);
			name = Products;
			sourceTree = "<group>";
		};
		219489011DED59BC009FE82E /* RCTQQSDK */ = {
			isa = PBXGroup;
			children = (
				2194890B1DED5A33009FE82E /* TencentOpenAPI.framework */,
				2194890C1DED5A33009FE82E /* TencentOpenApi_IOS_Bundle.bundle */,
				219489021DED59BC009FE82E /* RCTQQSDK.h */,
				219489031DED59BC009FE82E /* RCTQQSDK.m */,
				21B8027B1DF52E1900480898 /* RCTConvert+QQShareScene.h */,
				21B8027C1DF52E1900480898 /* RCTConvert+QQShareScene.m */,
			);
			path = RCTQQSDK;
			sourceTree = "<group>";
		};
/* End PBXGroup section */

/* Begin PBXNativeTarget section */
		219488FE1DED59BC009FE82E /* RCTQQSDK */ = {
			isa = PBXNativeTarget;
			buildConfigurationList = 219489081DED59BC009FE82E /* Build configuration list for PBXNativeTarget "RCTQQSDK" */;
			buildPhases = (
				219488FB1DED59BC009FE82E /* Sources */,
				219488FC1DED59BC009FE82E /* Frameworks */,
				219488FD1DED59BC009FE82E /* CopyFiles */,
				2194890E1DED5A55009FE82E /* Resources */,
			);
			buildRules = (
			);
			dependencies = (
			);
			name = RCTQQSDK;
			productName = RCTQQSDK;
			productReference = 219488FF1DED59BC009FE82E /* libRCTQQSDK.a */;
			productType = "com.apple.product-type.library.static";
		};
/* End PBXNativeTarget section */

/* Begin PBXProject section */
		219488F71DED59BC009FE82E /* Project object */ = {
			isa = PBXProject;
			attributes = {
				LastUpgradeCheck = 0810;
				ORGANIZATIONNAME = Van;
				TargetAttributes = {
					219488FE1DED59BC009FE82E = {
						CreatedOnToolsVersion = 8.1;
						ProvisioningStyle = Automatic;
					};
				};
			};
			buildConfigurationList = 219488FA1DED59BC009FE82E /* Build configuration list for PBXProject "RCTQQSDK" */;
			compatibilityVersion = "Xcode 3.2";
			developmentRegion = English;
			hasScannedForEncodings = 0;
			knownRegions = (
				en,
			);
			mainGroup = 219488F61DED59BC009FE82E;
			productRefGroup = 219489001DED59BC009FE82E /* Products */;
			projectDirPath = "";
			projectRoot = "";
			targets = (
				219488FE1DED59BC009FE82E /* RCTQQSDK */,
			);
		};
/* End PBXProject section */

/* Begin PBXResourcesBuildPhase section */
		2194890E1DED5A55009FE82E /* Resources */ = {
			isa = PBXResourcesBuildPhase;
			buildActionMask = 2147483647;
			files = (
				2194890F1DED5A5B009FE82E /* TencentOpenApi_IOS_Bundle.bundle in Resources */,
			);
			runOnlyForDeploymentPostprocessing = 0;
		};
/* End PBXResourcesBuildPhase section */

/* Begin PBXSourcesBuildPhase section */
		219488FB1DED59BC009FE82E /* Sources */ = {
			isa = PBXSourcesBuildPhase;
			buildActionMask = 2147483647;
			files = (
				219489041DED59BC009FE82E /* RCTQQSDK.m in Sources */,
				21B8027D1DF52E1900480898 /* RCTConvert+QQShareScene.m in Sources */,
			);
			runOnlyForDeploymentPostprocessing = 0;
		};
/* End PBXSourcesBuildPhase section */

/* Begin XCBuildConfiguration section */
		219489061DED59BC009FE82E /* Debug */ = {
			isa = XCBuildConfiguration;
			buildSettings = {
				ALWAYS_SEARCH_USER_PATHS = NO;
				CLANG_ANALYZER_NONNULL = YES;
				CLANG_CXX_LANGUAGE_STANDARD = "gnu++0x";
				CLANG_CXX_LIBRARY = "libc++";
				CLANG_ENABLE_MODULES = YES;
				CLANG_ENABLE_OBJC_ARC = YES;
				CLANG_WARN_BOOL_CONVERSION = YES;
				CLANG_WARN_CONSTANT_CONVERSION = YES;
				CLANG_WARN_DIRECT_OBJC_ISA_USAGE = YES_ERROR;
				CLANG_WARN_DOCUMENTATION_COMMENTS = YES;
				CLANG_WARN_EMPTY_BODY = YES;
				CLANG_WARN_ENUM_CONVERSION = YES;
				CLANG_WARN_INFINITE_RECURSION = YES;
				CLANG_WARN_INT_CONVERSION = YES;
				CLANG_WARN_OBJC_ROOT_CLASS = YES_ERROR;
				CLANG_WARN_SUSPICIOUS_MOVES = YES;
				CLANG_WARN_UNREACHABLE_CODE = YES;
				CLANG_WARN__DUPLICATE_METHOD_MATCH = YES;
				"CODE_SIGN_IDENTITY[sdk=iphoneos*]" = "iPhone Developer";
				COPY_PHASE_STRIP = NO;
				DEBUG_INFORMATION_FORMAT = dwarf;
				ENABLE_STRICT_OBJC_MSGSEND = YES;
				ENABLE_TESTABILITY = YES;
				GCC_C_LANGUAGE_STANDARD = gnu99;
				GCC_DYNAMIC_NO_PIC = NO;
				GCC_NO_COMMON_BLOCKS = YES;
				GCC_OPTIMIZATION_LEVEL = 0;
				GCC_PREPROCESSOR_DEFINITIONS = (
					"DEBUG=1",
					"$(inherited)",
				);
				GCC_WARN_64_TO_32_BIT_CONVERSION = YES;
				GCC_WARN_ABOUT_RETURN_TYPE = YES_ERROR;
				GCC_WARN_UNDECLARED_SELECTOR = YES;
				GCC_WARN_UNINITIALIZED_AUTOS = YES_AGGRESSIVE;
				GCC_WARN_UNUSED_FUNCTION = YES;
				GCC_WARN_UNUSED_VARIABLE = YES;
				IPHONEOS_DEPLOYMENT_TARGET = 8.0;
				MTL_ENABLE_DEBUG_INFO = YES;
				ONLY_ACTIVE_ARCH = YES;
				SDKROOT = iphoneos;
			};
			name = Debug;
		};
		219489071DED59BC009FE82E /* Release */ = {
			isa = XCBuildConfiguration;
			buildSettings = {
				ALWAYS_SEARCH_USER_PATHS = NO;
				CLANG_ANALYZER_NONNULL = YES;
				CLANG_CXX_LANGUAGE_STANDARD = "gnu++0x";
				CLANG_CXX_LIBRARY = "libc++";
				CLANG_ENABLE_MODULES = YES;
				CLANG_ENABLE_OBJC_ARC = YES;
				CLANG_WARN_BOOL_CONVERSION = YES;
				CLANG_WARN_CONSTANT_CONVERSION = YES;
				CLANG_WARN_DIRECT_OBJC_ISA_USAGE = YES_ERROR;
				CLANG_WARN_DOCUMENTATION_COMMENTS = YES;
				CLANG_WARN_EMPTY_BODY = YES;
				CLANG_WARN_ENUM_CONVERSION = YES;
				CLANG_WARN_INFINITE_RECURSION = YES;
				CLANG_WARN_INT_CONVERSION = YES;
				CLANG_WARN_OBJC_ROOT_CLASS = YES_ERROR;
				CLANG_WARN_SUSPICIOUS_MOVES = YES;
				CLANG_WARN_UNREACHABLE_CODE = YES;
				CLANG_WARN__DUPLICATE_METHOD_MATCH = YES;
				"CODE_SIGN_IDENTITY[sdk=iphoneos*]" = "iPhone Developer";
				COPY_PHASE_STRIP = NO;
				DEBUG_INFORMATION_FORMAT = "dwarf-with-dsym";
				ENABLE_NS_ASSERTIONS = NO;
				ENABLE_STRICT_OBJC_MSGSEND = YES;
				GCC_C_LANGUAGE_STANDARD = gnu99;
				GCC_NO_COMMON_BLOCKS = YES;
				GCC_WARN_64_TO_32_BIT_CONVERSION = YES;
				GCC_WARN_ABOUT_RETURN_TYPE = YES_ERROR;
				GCC_WARN_UNDECLARED_SELECTOR = YES;
				GCC_WARN_UNINITIALIZED_AUTOS = YES_AGGRESSIVE;
				GCC_WARN_UNUSED_FUNCTION = YES;
				GCC_WARN_UNUSED_VARIABLE = YES;
				IPHONEOS_DEPLOYMENT_TARGET = 8.0;
				MTL_ENABLE_DEBUG_INFO = NO;
				SDKROOT = iphoneos;
				VALIDATE_PRODUCT = YES;
			};
			name = Release;
		};
		219489091DED59BC009FE82E /* Debug */ = {
			isa = XCBuildConfiguration;
			buildSettings = {
				FRAMEWORK_SEARCH_PATHS = (
					"$(inherited)",
					"$(PROJECT_DIR)/RCTQQSDK",
				);
				HEADER_SEARCH_PATHS = "$(SRCROOT)/../../react-native/React/**";
				OTHER_LDFLAGS = "-ObjC";
				PRODUCT_NAME = "$(TARGET_NAME)";
				SKIP_INSTALL = YES;
			};
			name = Debug;
		};
		2194890A1DED59BC009FE82E /* Release */ = {
			isa = XCBuildConfiguration;
			buildSettings = {
				FRAMEWORK_SEARCH_PATHS = (
					"$(inherited)",
					"$(PROJECT_DIR)/RCTQQSDK",
				);
				HEADER_SEARCH_PATHS = "$(SRCROOT)/../../react-native/React/**";
				OTHER_LDFLAGS = "-ObjC";
				PRODUCT_NAME = "$(TARGET_NAME)";
				SKIP_INSTALL = YES;
			};
			name = Release;
		};
/* End XCBuildConfiguration section */

/* Begin XCConfigurationList section */
		219488FA1DED59BC009FE82E /* Build configuration list for PBXProject "RCTQQSDK" */ = {
			isa = XCConfigurationList;
			buildConfigurations = (
				219489061DED59BC009FE82E /* Debug */,
				219489071DED59BC009FE82E /* Release */,
			);
			defaultConfigurationIsVisible = 0;
			defaultConfigurationName = Release;
		};
		219489081DED59BC009FE82E /* Build configuration list for PBXNativeTarget "RCTQQSDK" */ = {
			isa = XCConfigurationList;
			buildConfigurations = (
				219489091DED59BC009FE82E /* Debug */,
				2194890A1DED59BC009FE82E /* Release */,
			);
			defaultConfigurationIsVisible = 0;
			defaultConfigurationName = Release;
		};
/* End XCConfigurationList section */
	};
	rootObject = 219488F71DED59BC009FE82E /* Project object */;
}
